// !$*UTF8*$!
{
	archiveVersion = 1;
	classes = {
	};
	objectVersion = 50;
	objects = {

/* Begin PBXBuildFile section */
		225E4D0EE4A3B747A427CB30 /* Pods_MemeGenerator.framework in Frameworks */ = {isa = PBXBuildFile; fileRef = F820537942CF958E546628F4 /* Pods_MemeGenerator.framework */; };
		6E783C723F13C3FA8C52DE42 /* Pods_MemeGeneratorTests.framework in Frameworks */ = {isa = PBXBuildFile; fileRef = 114AACC57820609AFB47B63B /* Pods_MemeGeneratorTests.framework */; };
		78E3C2F421BC76AC003BF713 /* AppDelegate.swift in Sources */ = {isa = PBXBuildFile; fileRef = 78E3C2F321BC76AC003BF713 /* AppDelegate.swift */; };
		78E3C2FB21BC76AD003BF713 /* Assets.xcassets in Resources */ = {isa = PBXBuildFile; fileRef = 78E3C2FA21BC76AD003BF713 /* Assets.xcassets */; };
		78E3C2FE21BC76AD003BF713 /* LaunchScreen.storyboard in Resources */ = {isa = PBXBuildFile; fileRef = 78E3C2FC21BC76AD003BF713 /* LaunchScreen.storyboard */; };
		78E3C31B21BC7850003BF713 /* Localizable.strings in Resources */ = {isa = PBXBuildFile; fileRef = 78E3C31D21BC7850003BF713 /* Localizable.strings */; };
		78E3C32021BC7872003BF713 /* R.generated.swift in Sources */ = {isa = PBXBuildFile; fileRef = 78E3C31F21BC7872003BF713 /* R.generated.swift */; };
		78E3C32221BC78A7003BF713 /* AlamofireHelper.swift in Sources */ = {isa = PBXBuildFile; fileRef = 78E3C32121BC78A7003BF713 /* AlamofireHelper.swift */; };
		78E3C32421BC78D6003BF713 /* Endpoints.swift in Sources */ = {isa = PBXBuildFile; fileRef = 78E3C32321BC78D6003BF713 /* Endpoints.swift */; };
		78E3C32621BC78FC003BF713 /* ServiceError.swift in Sources */ = {isa = PBXBuildFile; fileRef = 78E3C32521BC78FC003BF713 /* ServiceError.swift */; };
		78E3C32A21BC7B2A003BF713 /* Obfuscator.swift in Sources */ = {isa = PBXBuildFile; fileRef = 78E3C32921BC7B2A003BF713 /* Obfuscator.swift */; };
		78E3C33421BC7FB3003BF713 /* MemeSearch.storyboard in Resources */ = {isa = PBXBuildFile; fileRef = 78E3C32D21BC7FB3003BF713 /* MemeSearch.storyboard */; };
		78E3C33521BC7FB3003BF713 /* MemeSearchPresenter.swift in Sources */ = {isa = PBXBuildFile; fileRef = 78E3C32E21BC7FB3003BF713 /* MemeSearchPresenter.swift */; };
		78E3C33621BC7FB3003BF713 /* MemeSearchWorker.swift in Sources */ = {isa = PBXBuildFile; fileRef = 78E3C32F21BC7FB3003BF713 /* MemeSearchWorker.swift */; };
		78E3C33721BC7FB3003BF713 /* MemeSearchRouter.swift in Sources */ = {isa = PBXBuildFile; fileRef = 78E3C33021BC7FB3003BF713 /* MemeSearchRouter.swift */; };
		78E3C33821BC7FB3003BF713 /* MemeSearchModels.swift in Sources */ = {isa = PBXBuildFile; fileRef = 78E3C33121BC7FB3003BF713 /* MemeSearchModels.swift */; };
		78E3C33921BC7FB3003BF713 /* MemeSearchViewController.swift in Sources */ = {isa = PBXBuildFile; fileRef = 78E3C33221BC7FB3003BF713 /* MemeSearchViewController.swift */; };
		78E3C33A21BC7FB3003BF713 /* MemeSearchInteractor.swift in Sources */ = {isa = PBXBuildFile; fileRef = 78E3C33321BC7FB3003BF713 /* MemeSearchInteractor.swift */; };
		78E3C33D21BC8354003BF713 /* Meme.swift in Sources */ = {isa = PBXBuildFile; fileRef = 78E3C33C21BC8354003BF713 /* Meme.swift */; };
		78E3C33F21BC838D003BF713 /* APIKeys.swift in Sources */ = {isa = PBXBuildFile; fileRef = 78E3C33E21BC838D003BF713 /* APIKeys.swift */; };
		78E3C34821BC87FF003BF713 /* ErrorHandlePresenter.swift in Sources */ = {isa = PBXBuildFile; fileRef = 78E3C34221BC87FE003BF713 /* ErrorHandlePresenter.swift */; };
		78E3C34921BC87FF003BF713 /* ErrorHandleInteractor.swift in Sources */ = {isa = PBXBuildFile; fileRef = 78E3C34321BC87FE003BF713 /* ErrorHandleInteractor.swift */; };
		78E3C34A21BC87FF003BF713 /* ErrorHandleRouter.swift in Sources */ = {isa = PBXBuildFile; fileRef = 78E3C34421BC87FE003BF713 /* ErrorHandleRouter.swift */; };
		78E3C34B21BC87FF003BF713 /* ErrorHandleViewController.swift in Sources */ = {isa = PBXBuildFile; fileRef = 78E3C34521BC87FE003BF713 /* ErrorHandleViewController.swift */; };
		78E3C34C21BC87FF003BF713 /* ErrorHandle.storyboard in Resources */ = {isa = PBXBuildFile; fileRef = 78E3C34621BC87FE003BF713 /* ErrorHandle.storyboard */; };
		78E3C34D21BC87FF003BF713 /* ErrorHandleModels.swift in Sources */ = {isa = PBXBuildFile; fileRef = 78E3C34721BC87FE003BF713 /* ErrorHandleModels.swift */; };
		78E3C34F21BC8912003BF713 /* MemeSearchInteractorTests.swift in Sources */ = {isa = PBXBuildFile; fileRef = 78E3C34E21BC8912003BF713 /* MemeSearchInteractorTests.swift */; };
		78E3C35021BC8962003BF713 /* MemeSearchPresenter.swift in Sources */ = {isa = PBXBuildFile; fileRef = 78E3C32E21BC7FB3003BF713 /* MemeSearchPresenter.swift */; };
		78E3C35121BC8962003BF713 /* MemeSearchWorker.swift in Sources */ = {isa = PBXBuildFile; fileRef = 78E3C32F21BC7FB3003BF713 /* MemeSearchWorker.swift */; };
		78E3C35221BC8962003BF713 /* MemeSearchRouter.swift in Sources */ = {isa = PBXBuildFile; fileRef = 78E3C33021BC7FB3003BF713 /* MemeSearchRouter.swift */; };
		78E3C35321BC8962003BF713 /* MemeSearchModels.swift in Sources */ = {isa = PBXBuildFile; fileRef = 78E3C33121BC7FB3003BF713 /* MemeSearchModels.swift */; };
		78E3C35421BC8962003BF713 /* MemeSearchViewController.swift in Sources */ = {isa = PBXBuildFile; fileRef = 78E3C33221BC7FB3003BF713 /* MemeSearchViewController.swift */; };
		78E3C35521BC8962003BF713 /* MemeSearchInteractor.swift in Sources */ = {isa = PBXBuildFile; fileRef = 78E3C33321BC7FB3003BF713 /* MemeSearchInteractor.swift */; };
		78E3C35721BC8A7B003BF713 /* MemesWorker.swift in Sources */ = {isa = PBXBuildFile; fileRef = 78E3C35621BC8A7B003BF713 /* MemesWorker.swift */; };
		78E3C35A21BC8AB3003BF713 /* MemesAPI.swift in Sources */ = {isa = PBXBuildFile; fileRef = 78E3C35921BC8AB3003BF713 /* MemesAPI.swift */; };
		78E3C35B21BC8CD1003BF713 /* MemesWorker.swift in Sources */ = {isa = PBXBuildFile; fileRef = 78E3C35621BC8A7B003BF713 /* MemesWorker.swift */; };
		78E3C35C21BC8CD4003BF713 /* MemesAPI.swift in Sources */ = {isa = PBXBuildFile; fileRef = 78E3C35921BC8AB3003BF713 /* MemesAPI.swift */; };
		78E3C35D21BC8D31003BF713 /* Meme.swift in Sources */ = {isa = PBXBuildFile; fileRef = 78E3C33C21BC8354003BF713 /* Meme.swift */; };
		78E3C36021BC8DAE003BF713 /* MemesMemory.swift in Sources */ = {isa = PBXBuildFile; fileRef = 78E3C35F21BC8DAE003BF713 /* MemesMemory.swift */; };
		78E3C36121BC8DAE003BF713 /* MemesMemory.swift in Sources */ = {isa = PBXBuildFile; fileRef = 78E3C35F21BC8DAE003BF713 /* MemesMemory.swift */; };
		78E3C36221BC930E003BF713 /* ErrorHandleInteractor.swift in Sources */ = {isa = PBXBuildFile; fileRef = 78E3C34321BC87FE003BF713 /* ErrorHandleInteractor.swift */; };
		78E3C36321BC930E003BF713 /* ErrorHandleModels.swift in Sources */ = {isa = PBXBuildFile; fileRef = 78E3C34721BC87FE003BF713 /* ErrorHandleModels.swift */; };
		78E3C36421BC930E003BF713 /* ErrorHandlePresenter.swift in Sources */ = {isa = PBXBuildFile; fileRef = 78E3C34221BC87FE003BF713 /* ErrorHandlePresenter.swift */; };
		78E3C36521BC930E003BF713 /* ErrorHandleRouter.swift in Sources */ = {isa = PBXBuildFile; fileRef = 78E3C34421BC87FE003BF713 /* ErrorHandleRouter.swift */; };
		78E3C36621BC930E003BF713 /* ErrorHandleViewController.swift in Sources */ = {isa = PBXBuildFile; fileRef = 78E3C34521BC87FE003BF713 /* ErrorHandleViewController.swift */; };
		78E3C36A21BC9317003BF713 /* AlamofireHelper.swift in Sources */ = {isa = PBXBuildFile; fileRef = 78E3C32121BC78A7003BF713 /* AlamofireHelper.swift */; };
		78E3C36B21BC9317003BF713 /* Endpoints.swift in Sources */ = {isa = PBXBuildFile; fileRef = 78E3C32321BC78D6003BF713 /* Endpoints.swift */; };
		78E3C36C21BC9317003BF713 /* ServiceError.swift in Sources */ = {isa = PBXBuildFile; fileRef = 78E3C32521BC78FC003BF713 /* ServiceError.swift */; };
		78E3C36D21BC9317003BF713 /* APIKeys.swift in Sources */ = {isa = PBXBuildFile; fileRef = 78E3C33E21BC838D003BF713 /* APIKeys.swift */; };
		78E3C36E21BC934B003BF713 /* R.generated.swift in Sources */ = {isa = PBXBuildFile; fileRef = 78E3C31F21BC7872003BF713 /* R.generated.swift */; };
		78E3C36F21BC9358003BF713 /* Obfuscator.swift in Sources */ = {isa = PBXBuildFile; fileRef = 78E3C32921BC7B2A003BF713 /* Obfuscator.swift */; };
		78E3C37121BC9375003BF713 /* AppDelegate.swift in Sources */ = {isa = PBXBuildFile; fileRef = 78E3C2F321BC76AC003BF713 /* AppDelegate.swift */; };
		78E3C37321BCA032003BF713 /* ErrorHandle.storyboard in Resources */ = {isa = PBXBuildFile; fileRef = 78E3C34621BC87FE003BF713 /* ErrorHandle.storyboard */; };
		78E3C37421BCA036003BF713 /* MemeSearch.storyboard in Resources */ = {isa = PBXBuildFile; fileRef = 78E3C32D21BC7FB3003BF713 /* MemeSearch.storyboard */; };
		78E3C37621BCA077003BF713 /* MemeSearchPresenterTests.swift in Sources */ = {isa = PBXBuildFile; fileRef = 78E3C37521BCA077003BF713 /* MemeSearchPresenterTests.swift */; };
		78E3C37821BCB25C003BF713 /* MemeSearchViewControllerTests.swift in Sources */ = {isa = PBXBuildFile; fileRef = 78E3C37721BCB25C003BF713 /* MemeSearchViewControllerTests.swift */; };
		78E3C37C21BD51BB003BF713 /* MemesWorkerTests.swift in Sources */ = {isa = PBXBuildFile; fileRef = 78E3C37B21BD51BB003BF713 /* MemesWorkerTests.swift */; };
		78E3C38021BD575A003BF713 /* MemeSearchTableViewCell.swift in Sources */ = {isa = PBXBuildFile; fileRef = 78E3C37E21BD575A003BF713 /* MemeSearchTableViewCell.swift */; };
		78E3C38121BD575A003BF713 /* MemeSearchTableViewCell.xib in Resources */ = {isa = PBXBuildFile; fileRef = 78E3C37F21BD575A003BF713 /* MemeSearchTableViewCell.xib */; };
		78E3C38221BD5966003BF713 /* MemeSearchTableViewCell.swift in Sources */ = {isa = PBXBuildFile; fileRef = 78E3C37E21BD575A003BF713 /* MemeSearchTableViewCell.swift */; };
		78E3C38321BD5966003BF713 /* MemeSearchTableViewCell.xib in Resources */ = {isa = PBXBuildFile; fileRef = 78E3C37F21BD575A003BF713 /* MemeSearchTableViewCell.xib */; };
		78E3C38821BDC2E5003BF713 /* ErrorHandleInteractorTests.swift in Sources */ = {isa = PBXBuildFile; fileRef = 78E3C38721BDC2E5003BF713 /* ErrorHandleInteractorTests.swift */; };
		78E3C38A21BDC509003BF713 /* ErrorHandlePresenterTests.swift in Sources */ = {isa = PBXBuildFile; fileRef = 78E3C38921BDC509003BF713 /* ErrorHandlePresenterTests.swift */; };
/* End PBXBuildFile section */

/* Begin PBXContainerItemProxy section */
		78E3C30521BC76AD003BF713 /* PBXContainerItemProxy */ = {
			isa = PBXContainerItemProxy;
			containerPortal = 78E3C2E821BC76AC003BF713 /* Project object */;
			proxyType = 1;
			remoteGlobalIDString = 78E3C2EF21BC76AC003BF713;
			remoteInfo = StateSideChangellenge;
		};
/* End PBXContainerItemProxy section */

/* Begin PBXFileReference section */
		0ADAC9AB92459F84C55597F9 /* Pods-MemeGenerator.release.xcconfig */ = {isa = PBXFileReference; includeInIndex = 1; lastKnownFileType = text.xcconfig; name = "Pods-MemeGenerator.release.xcconfig"; path = "Target Support Files/Pods-MemeGenerator/Pods-MemeGenerator.release.xcconfig"; sourceTree = "<group>"; };
		114AACC57820609AFB47B63B /* Pods_MemeGeneratorTests.framework */ = {isa = PBXFileReference; explicitFileType = wrapper.framework; includeInIndex = 0; path = Pods_MemeGeneratorTests.framework; sourceTree = BUILT_PRODUCTS_DIR; };
		46283CA6971EC39CB96B3EAA /* Pods-MemeGenerator.debug.xcconfig */ = {isa = PBXFileReference; includeInIndex = 1; lastKnownFileType = text.xcconfig; name = "Pods-MemeGenerator.debug.xcconfig"; path = "Target Support Files/Pods-MemeGenerator/Pods-MemeGenerator.debug.xcconfig"; sourceTree = "<group>"; };
		78E3C2F021BC76AC003BF713 /* MemeGenerator.app */ = {isa = PBXFileReference; explicitFileType = wrapper.application; includeInIndex = 0; path = MemeGenerator.app; sourceTree = BUILT_PRODUCTS_DIR; };
		78E3C2F321BC76AC003BF713 /* AppDelegate.swift */ = {isa = PBXFileReference; lastKnownFileType = sourcecode.swift; path = AppDelegate.swift; sourceTree = "<group>"; };
		78E3C2FA21BC76AD003BF713 /* Assets.xcassets */ = {isa = PBXFileReference; lastKnownFileType = folder.assetcatalog; path = Assets.xcassets; sourceTree = "<group>"; };
		78E3C2FD21BC76AD003BF713 /* Base */ = {isa = PBXFileReference; lastKnownFileType = file.storyboard; name = Base; path = Base.lproj/LaunchScreen.storyboard; sourceTree = "<group>"; };
		78E3C2FF21BC76AD003BF713 /* Info.plist */ = {isa = PBXFileReference; lastKnownFileType = text.plist.xml; path = Info.plist; sourceTree = "<group>"; };
		78E3C30421BC76AD003BF713 /* MemeGeneratorTests.xctest */ = {isa = PBXFileReference; explicitFileType = wrapper.cfbundle; includeInIndex = 0; path = MemeGeneratorTests.xctest; sourceTree = BUILT_PRODUCTS_DIR; };
		78E3C30A21BC76AD003BF713 /* Info.plist */ = {isa = PBXFileReference; lastKnownFileType = text.plist.xml; path = Info.plist; sourceTree = "<group>"; };
		78E3C31C21BC7850003BF713 /* en */ = {isa = PBXFileReference; lastKnownFileType = text.plist.strings; name = en; path = en.lproj/Localizable.strings; sourceTree = "<group>"; };
		78E3C31F21BC7872003BF713 /* R.generated.swift */ = {isa = PBXFileReference; fileEncoding = 4; lastKnownFileType = sourcecode.swift; path = R.generated.swift; sourceTree = SOURCE_ROOT; };
		78E3C32121BC78A7003BF713 /* AlamofireHelper.swift */ = {isa = PBXFileReference; lastKnownFileType = sourcecode.swift; path = AlamofireHelper.swift; sourceTree = "<group>"; };
		78E3C32321BC78D6003BF713 /* Endpoints.swift */ = {isa = PBXFileReference; lastKnownFileType = sourcecode.swift; path = Endpoints.swift; sourceTree = "<group>"; };
		78E3C32521BC78FC003BF713 /* ServiceError.swift */ = {isa = PBXFileReference; lastKnownFileType = sourcecode.swift; path = ServiceError.swift; sourceTree = "<group>"; };
		78E3C32921BC7B2A003BF713 /* Obfuscator.swift */ = {isa = PBXFileReference; fileEncoding = 4; lastKnownFileType = sourcecode.swift; path = Obfuscator.swift; sourceTree = "<group>"; };
		78E3C32D21BC7FB3003BF713 /* MemeSearch.storyboard */ = {isa = PBXFileReference; lastKnownFileType = file.storyboard; path = MemeSearch.storyboard; sourceTree = "<group>"; };
		78E3C32E21BC7FB3003BF713 /* MemeSearchPresenter.swift */ = {isa = PBXFileReference; lastKnownFileType = sourcecode.swift; path = MemeSearchPresenter.swift; sourceTree = "<group>"; };
		78E3C32F21BC7FB3003BF713 /* MemeSearchWorker.swift */ = {isa = PBXFileReference; lastKnownFileType = sourcecode.swift; path = MemeSearchWorker.swift; sourceTree = "<group>"; };
		78E3C33021BC7FB3003BF713 /* MemeSearchRouter.swift */ = {isa = PBXFileReference; lastKnownFileType = sourcecode.swift; path = MemeSearchRouter.swift; sourceTree = "<group>"; };
		78E3C33121BC7FB3003BF713 /* MemeSearchModels.swift */ = {isa = PBXFileReference; lastKnownFileType = sourcecode.swift; path = MemeSearchModels.swift; sourceTree = "<group>"; };
		78E3C33221BC7FB3003BF713 /* MemeSearchViewController.swift */ = {isa = PBXFileReference; lastKnownFileType = sourcecode.swift; path = MemeSearchViewController.swift; sourceTree = "<group>"; };
		78E3C33321BC7FB3003BF713 /* MemeSearchInteractor.swift */ = {isa = PBXFileReference; lastKnownFileType = sourcecode.swift; path = MemeSearchInteractor.swift; sourceTree = "<group>"; };
		78E3C33C21BC8354003BF713 /* Meme.swift */ = {isa = PBXFileReference; lastKnownFileType = sourcecode.swift; path = Meme.swift; sourceTree = "<group>"; };
		78E3C33E21BC838D003BF713 /* APIKeys.swift */ = {isa = PBXFileReference; lastKnownFileType = sourcecode.swift; path = APIKeys.swift; sourceTree = "<group>"; };
		78E3C34221BC87FE003BF713 /* ErrorHandlePresenter.swift */ = {isa = PBXFileReference; fileEncoding = 4; lastKnownFileType = sourcecode.swift; path = ErrorHandlePresenter.swift; sourceTree = "<group>"; };
		78E3C34321BC87FE003BF713 /* ErrorHandleInteractor.swift */ = {isa = PBXFileReference; fileEncoding = 4; lastKnownFileType = sourcecode.swift; path = ErrorHandleInteractor.swift; sourceTree = "<group>"; };
		78E3C34421BC87FE003BF713 /* ErrorHandleRouter.swift */ = {isa = PBXFileReference; fileEncoding = 4; lastKnownFileType = sourcecode.swift; path = ErrorHandleRouter.swift; sourceTree = "<group>"; };
		78E3C34521BC87FE003BF713 /* ErrorHandleViewController.swift */ = {isa = PBXFileReference; fileEncoding = 4; lastKnownFileType = sourcecode.swift; path = ErrorHandleViewController.swift; sourceTree = "<group>"; };
		78E3C34621BC87FE003BF713 /* ErrorHandle.storyboard */ = {isa = PBXFileReference; fileEncoding = 4; lastKnownFileType = file.storyboard; path = ErrorHandle.storyboard; sourceTree = "<group>"; };
		78E3C34721BC87FE003BF713 /* ErrorHandleModels.swift */ = {isa = PBXFileReference; fileEncoding = 4; lastKnownFileType = sourcecode.swift; path = ErrorHandleModels.swift; sourceTree = "<group>"; };
		78E3C34E21BC8912003BF713 /* MemeSearchInteractorTests.swift */ = {isa = PBXFileReference; lastKnownFileType = sourcecode.swift; path = MemeSearchInteractorTests.swift; sourceTree = "<group>"; };
		78E3C35621BC8A7B003BF713 /* MemesWorker.swift */ = {isa = PBXFileReference; lastKnownFileType = sourcecode.swift; path = MemesWorker.swift; sourceTree = "<group>"; };
		78E3C35921BC8AB3003BF713 /* MemesAPI.swift */ = {isa = PBXFileReference; lastKnownFileType = sourcecode.swift; path = MemesAPI.swift; sourceTree = "<group>"; };
		78E3C35F21BC8DAE003BF713 /* MemesMemory.swift */ = {isa = PBXFileReference; lastKnownFileType = sourcecode.swift; path = MemesMemory.swift; sourceTree = "<group>"; };
		78E3C37521BCA077003BF713 /* MemeSearchPresenterTests.swift */ = {isa = PBXFileReference; lastKnownFileType = sourcecode.swift; path = MemeSearchPresenterTests.swift; sourceTree = "<group>"; };
		78E3C37721BCB25C003BF713 /* MemeSearchViewControllerTests.swift */ = {isa = PBXFileReference; lastKnownFileType = sourcecode.swift; path = MemeSearchViewControllerTests.swift; sourceTree = "<group>"; };
		78E3C37B21BD51BB003BF713 /* MemesWorkerTests.swift */ = {isa = PBXFileReference; lastKnownFileType = sourcecode.swift; path = MemesWorkerTests.swift; sourceTree = "<group>"; };
		78E3C37E21BD575A003BF713 /* MemeSearchTableViewCell.swift */ = {isa = PBXFileReference; lastKnownFileType = sourcecode.swift; path = MemeSearchTableViewCell.swift; sourceTree = "<group>"; };
		78E3C37F21BD575A003BF713 /* MemeSearchTableViewCell.xib */ = {isa = PBXFileReference; lastKnownFileType = file.xib; path = MemeSearchTableViewCell.xib; sourceTree = "<group>"; };
		78E3C38721BDC2E5003BF713 /* ErrorHandleInteractorTests.swift */ = {isa = PBXFileReference; lastKnownFileType = sourcecode.swift; path = ErrorHandleInteractorTests.swift; sourceTree = "<group>"; };
		78E3C38921BDC509003BF713 /* ErrorHandlePresenterTests.swift */ = {isa = PBXFileReference; lastKnownFileType = sourcecode.swift; path = ErrorHandlePresenterTests.swift; sourceTree = "<group>"; };
		951D50B81CA4CA4FCB23A716 /* Pods-MemeGeneratorTests.debug.xcconfig */ = {isa = PBXFileReference; includeInIndex = 1; lastKnownFileType = text.xcconfig; name = "Pods-MemeGeneratorTests.debug.xcconfig"; path = "Target Support Files/Pods-MemeGeneratorTests/Pods-MemeGeneratorTests.debug.xcconfig"; sourceTree = "<group>"; };
		C1F59CAF29D2AA96DBC3593E /* Pods-MemeGeneratorTests.release.xcconfig */ = {isa = PBXFileReference; includeInIndex = 1; lastKnownFileType = text.xcconfig; name = "Pods-MemeGeneratorTests.release.xcconfig"; path = "Target Support Files/Pods-MemeGeneratorTests/Pods-MemeGeneratorTests.release.xcconfig"; sourceTree = "<group>"; };
		F820537942CF958E546628F4 /* Pods_MemeGenerator.framework */ = {isa = PBXFileReference; explicitFileType = wrapper.framework; includeInIndex = 0; path = Pods_MemeGenerator.framework; sourceTree = BUILT_PRODUCTS_DIR; };
/* End PBXFileReference section */

/* Begin PBXFrameworksBuildPhase section */
		78E3C2ED21BC76AC003BF713 /* Frameworks */ = {
			isa = PBXFrameworksBuildPhase;
			buildActionMask = 2147483647;
			files = (
				225E4D0EE4A3B747A427CB30 /* Pods_MemeGenerator.framework in Frameworks */,
			);
			runOnlyForDeploymentPostprocessing = 0;
		};
		78E3C30121BC76AD003BF713 /* Frameworks */ = {
			isa = PBXFrameworksBuildPhase;
			buildActionMask = 2147483647;
			files = (
				6E783C723F13C3FA8C52DE42 /* Pods_MemeGeneratorTests.framework in Frameworks */,
			);
			runOnlyForDeploymentPostprocessing = 0;
		};
/* End PBXFrameworksBuildPhase section */

/* Begin PBXGroup section */
		78E3C2E721BC76AC003BF713 = {
			isa = PBXGroup;
			children = (
				78E3C2F221BC76AC003BF713 /* MemeGenerator */,
				78E3C30721BC76AD003BF713 /* MemeGeneratorTests */,
				78E3C2F121BC76AC003BF713 /* Products */,
				BB51C5A6EF6DE295FC352542 /* Pods */,
				A54C2ADEE0B7A4097E1F9DEB /* Frameworks */,
			);
			sourceTree = "<group>";
		};
		78E3C2F121BC76AC003BF713 /* Products */ = {
			isa = PBXGroup;
			children = (
				78E3C2F021BC76AC003BF713 /* MemeGenerator.app */,
				78E3C30421BC76AD003BF713 /* MemeGeneratorTests.xctest */,
			);
			name = Products;
			sourceTree = "<group>";
		};
		78E3C2F221BC76AC003BF713 /* MemeGenerator */ = {
			isa = PBXGroup;
			children = (
				78E3C35821BC8A86003BF713 /* Worker */,
				78E3C33B21BC8342003BF713 /* Models */,
				78E3C32821BC7A5A003BF713 /* ThirdLibraries */,
				78E3C32721BC7972003BF713 /* Services */,
				78E3C31E21BC785C003BF713 /* Helpers */,
				78E3C31721BC7808003BF713 /* Resources */,
				78E3C31321BC77B8003BF713 /* Scenes */,
				78E3C2F321BC76AC003BF713 /* AppDelegate.swift */,
				78E3C2FA21BC76AD003BF713 /* Assets.xcassets */,
				78E3C2FC21BC76AD003BF713 /* LaunchScreen.storyboard */,
				78E3C2FF21BC76AD003BF713 /* Info.plist */,
			);
			path = MemeGenerator;
			sourceTree = "<group>";
		};
		78E3C30721BC76AD003BF713 /* MemeGeneratorTests */ = {
			isa = PBXGroup;
			children = (
				78E3C37A21BD51A3003BF713 /* Workers */,
				78E3C37921BD5192003BF713 /* Scenes */,
				78E3C30A21BC76AD003BF713 /* Info.plist */,
			);
			path = MemeGeneratorTests;
			sourceTree = "<group>";
		};
		78E3C31321BC77B8003BF713 /* Scenes */ = {
			isa = PBXGroup;
			children = (
				78E3C34121BC87E4003BF713 /* ErrorHandle */,
				78E3C32C21BC7F9E003BF713 /* MemeSearch */,
			);
			path = Scenes;
			sourceTree = "<group>";
		};
		78E3C31721BC7808003BF713 /* Resources */ = {
			isa = PBXGroup;
			children = (
				78E3C31D21BC7850003BF713 /* Localizable.strings */,
			);
			path = Resources;
			sourceTree = "<group>";
		};
		78E3C31E21BC785C003BF713 /* Helpers */ = {
			isa = PBXGroup;
			children = (
				78E3C31F21BC7872003BF713 /* R.generated.swift */,
				78E3C32121BC78A7003BF713 /* AlamofireHelper.swift */,
				78E3C32321BC78D6003BF713 /* Endpoints.swift */,
				78E3C32521BC78FC003BF713 /* ServiceError.swift */,
				78E3C33E21BC838D003BF713 /* APIKeys.swift */,
			);
			path = Helpers;
			sourceTree = "<group>";
		};
		78E3C32721BC7972003BF713 /* Services */ = {
			isa = PBXGroup;
			children = (
				78E3C35921BC8AB3003BF713 /* MemesAPI.swift */,
				78E3C35F21BC8DAE003BF713 /* MemesMemory.swift */,
			);
			path = Services;
			sourceTree = "<group>";
		};
		78E3C32821BC7A5A003BF713 /* ThirdLibraries */ = {
			isa = PBXGroup;
			children = (
				78E3C32921BC7B2A003BF713 /* Obfuscator.swift */,
			);
			path = ThirdLibraries;
			sourceTree = "<group>";
		};
		78E3C32C21BC7F9E003BF713 /* MemeSearch */ = {
			isa = PBXGroup;
			children = (
				78E3C37D21BD5743003BF713 /* CustomCells */,
				78E3C32D21BC7FB3003BF713 /* MemeSearch.storyboard */,
				78E3C32E21BC7FB3003BF713 /* MemeSearchPresenter.swift */,
				78E3C32F21BC7FB3003BF713 /* MemeSearchWorker.swift */,
				78E3C33021BC7FB3003BF713 /* MemeSearchRouter.swift */,
				78E3C33121BC7FB3003BF713 /* MemeSearchModels.swift */,
				78E3C33221BC7FB3003BF713 /* MemeSearchViewController.swift */,
				78E3C33321BC7FB3003BF713 /* MemeSearchInteractor.swift */,
			);
			path = MemeSearch;
			sourceTree = "<group>";
		};
		78E3C33B21BC8342003BF713 /* Models */ = {
			isa = PBXGroup;
			children = (
				78E3C33C21BC8354003BF713 /* Meme.swift */,
			);
			path = Models;
			sourceTree = "<group>";
		};
		78E3C34021BC864B003BF713 /* MemeSearch */ = {
			isa = PBXGroup;
			children = (
				78E3C34E21BC8912003BF713 /* MemeSearchInteractorTests.swift */,
				78E3C37521BCA077003BF713 /* MemeSearchPresenterTests.swift */,
				78E3C37721BCB25C003BF713 /* MemeSearchViewControllerTests.swift */,
			);
			path = MemeSearch;
			sourceTree = "<group>";
		};
		78E3C34121BC87E4003BF713 /* ErrorHandle */ = {
			isa = PBXGroup;
			children = (
				78E3C34621BC87FE003BF713 /* ErrorHandle.storyboard */,
				78E3C34321BC87FE003BF713 /* ErrorHandleInteractor.swift */,
				78E3C34721BC87FE003BF713 /* ErrorHandleModels.swift */,
				78E3C34221BC87FE003BF713 /* ErrorHandlePresenter.swift */,
				78E3C34421BC87FE003BF713 /* ErrorHandleRouter.swift */,
				78E3C34521BC87FE003BF713 /* ErrorHandleViewController.swift */,
			);
			path = ErrorHandle;
			sourceTree = "<group>";
		};
		78E3C35821BC8A86003BF713 /* Worker */ = {
			isa = PBXGroup;
			children = (
				78E3C35621BC8A7B003BF713 /* MemesWorker.swift */,
			);
			path = Worker;
			sourceTree = "<group>";
		};
		78E3C37921BD5192003BF713 /* Scenes */ = {
			isa = PBXGroup;
			children = (
				78E3C38621BDC28C003BF713 /* ErrorHandle */,
				78E3C34021BC864B003BF713 /* MemeSearch */,
			);
			path = Scenes;
			sourceTree = "<group>";
		};
		78E3C37A21BD51A3003BF713 /* Workers */ = {
			isa = PBXGroup;
			children = (
				78E3C37B21BD51BB003BF713 /* MemesWorkerTests.swift */,
			);
			path = Workers;
			sourceTree = "<group>";
		};
		78E3C37D21BD5743003BF713 /* CustomCells */ = {
			isa = PBXGroup;
			children = (
				78E3C37E21BD575A003BF713 /* MemeSearchTableViewCell.swift */,
				78E3C37F21BD575A003BF713 /* MemeSearchTableViewCell.xib */,
			);
			path = CustomCells;
			sourceTree = "<group>";
		};
		78E3C38621BDC28C003BF713 /* ErrorHandle */ = {
			isa = PBXGroup;
			children = (
				78E3C38721BDC2E5003BF713 /* ErrorHandleInteractorTests.swift */,
				78E3C38921BDC509003BF713 /* ErrorHandlePresenterTests.swift */,
			);
			path = ErrorHandle;
			sourceTree = "<group>";
		};
		A54C2ADEE0B7A4097E1F9DEB /* Frameworks */ = {
			isa = PBXGroup;
			children = (
				F820537942CF958E546628F4 /* Pods_MemeGenerator.framework */,
				114AACC57820609AFB47B63B /* Pods_MemeGeneratorTests.framework */,
			);
			name = Frameworks;
			sourceTree = "<group>";
		};
		BB51C5A6EF6DE295FC352542 /* Pods */ = {
			isa = PBXGroup;
			children = (
				46283CA6971EC39CB96B3EAA /* Pods-MemeGenerator.debug.xcconfig */,
				0ADAC9AB92459F84C55597F9 /* Pods-MemeGenerator.release.xcconfig */,
				951D50B81CA4CA4FCB23A716 /* Pods-MemeGeneratorTests.debug.xcconfig */,
				C1F59CAF29D2AA96DBC3593E /* Pods-MemeGeneratorTests.release.xcconfig */,
			);
			path = Pods;
			sourceTree = "<group>";
		};
/* End PBXGroup section */

/* Begin PBXNativeTarget section */
		78E3C2EF21BC76AC003BF713 /* MemeGenerator */ = {
			isa = PBXNativeTarget;
			buildConfigurationList = 78E3C30D21BC76AD003BF713 /* Build configuration list for PBXNativeTarget "MemeGenerator" */;
			buildPhases = (
				D850016729C628FBCCF8FA8B /* [CP] Check Pods Manifest.lock */,
				78E3C31821BC781B003BF713 /* ShellScript */,
				78E3C2EC21BC76AC003BF713 /* Sources */,
				78E3C2ED21BC76AC003BF713 /* Frameworks */,
				78E3C2EE21BC76AC003BF713 /* Resources */,
				E20BD8EFC4FCBF08EFD60F78 /* [CP] Embed Pods Frameworks */,
			);
			buildRules = (
			);
			dependencies = (
			);
			name = MemeGenerator;
			productName = StateSideChangellenge;
			productReference = 78E3C2F021BC76AC003BF713 /* MemeGenerator.app */;
			productType = "com.apple.product-type.application";
		};
		78E3C30321BC76AD003BF713 /* MemeGeneratorTests */ = {
			isa = PBXNativeTarget;
			buildConfigurationList = 78E3C31021BC76AD003BF713 /* Build configuration list for PBXNativeTarget "MemeGeneratorTests" */;
			buildPhases = (
				FE1F10F3D282B0DE8074C420 /* [CP] Check Pods Manifest.lock */,
				78E3C30021BC76AD003BF713 /* Sources */,
				78E3C30121BC76AD003BF713 /* Frameworks */,
				78E3C30221BC76AD003BF713 /* Resources */,
				D1D5AB836DB763BE500D05E9 /* [CP] Embed Pods Frameworks */,
			);
			buildRules = (
			);
			dependencies = (
				78E3C30621BC76AD003BF713 /* PBXTargetDependency */,
			);
			name = MemeGeneratorTests;
			productName = StateSideChangellengeTests;
			productReference = 78E3C30421BC76AD003BF713 /* MemeGeneratorTests.xctest */;
			productType = "com.apple.product-type.bundle.unit-test";
		};
/* End PBXNativeTarget section */

/* Begin PBXProject section */
		78E3C2E821BC76AC003BF713 /* Project object */ = {
			isa = PBXProject;
			attributes = {
				LastSwiftUpdateCheck = 1010;
				LastUpgradeCheck = 1010;
				ORGANIZATIONNAME = "César Brenes";
				TargetAttributes = {
					78E3C2EF21BC76AC003BF713 = {
						CreatedOnToolsVersion = 10.1;
					};
					78E3C30321BC76AD003BF713 = {
						CreatedOnToolsVersion = 10.1;
						TestTargetID = 78E3C2EF21BC76AC003BF713;
					};
				};
			};
			buildConfigurationList = 78E3C2EB21BC76AC003BF713 /* Build configuration list for PBXProject "MemeGenerator" */;
			compatibilityVersion = "Xcode 9.3";
			developmentRegion = en;
			hasScannedForEncodings = 0;
			knownRegions = (
				en,
				Base,
			);
			mainGroup = 78E3C2E721BC76AC003BF713;
			productRefGroup = 78E3C2F121BC76AC003BF713 /* Products */;
			projectDirPath = "";
			projectRoot = "";
			targets = (
				78E3C2EF21BC76AC003BF713 /* MemeGenerator */,
				78E3C30321BC76AD003BF713 /* MemeGeneratorTests */,
			);
		};
/* End PBXProject section */

/* Begin PBXResourcesBuildPhase section */
		78E3C2EE21BC76AC003BF713 /* Resources */ = {
			isa = PBXResourcesBuildPhase;
			buildActionMask = 2147483647;
			files = (
				78E3C2FE21BC76AD003BF713 /* LaunchScreen.storyboard in Resources */,
				78E3C38121BD575A003BF713 /* MemeSearchTableViewCell.xib in Resources */,
				78E3C31B21BC7850003BF713 /* Localizable.strings in Resources */,
				78E3C33421BC7FB3003BF713 /* MemeSearch.storyboard in Resources */,
				78E3C2FB21BC76AD003BF713 /* Assets.xcassets in Resources */,
				78E3C34C21BC87FF003BF713 /* ErrorHandle.storyboard in Resources */,
			);
			runOnlyForDeploymentPostprocessing = 0;
		};
		78E3C30221BC76AD003BF713 /* Resources */ = {
			isa = PBXResourcesBuildPhase;
			buildActionMask = 2147483647;
			files = (
				78E3C37421BCA036003BF713 /* MemeSearch.storyboard in Resources */,
				78E3C38321BD5966003BF713 /* MemeSearchTableViewCell.xib in Resources */,
				78E3C37321BCA032003BF713 /* ErrorHandle.storyboard in Resources */,
			);
			runOnlyForDeploymentPostprocessing = 0;
		};
/* End PBXResourcesBuildPhase section */

/* Begin PBXShellScriptBuildPhase section */
		78E3C31821BC781B003BF713 /* ShellScript */ = {
			isa = PBXShellScriptBuildPhase;
			buildActionMask = 2147483647;
			files = (
			);
			inputFileListPaths = (
			);
			inputPaths = (
			);
			outputFileListPaths = (
			);
			outputPaths = (
			);
			runOnlyForDeploymentPostprocessing = 0;
			shellPath = /bin/sh;
			shellScript = "\"$PODS_ROOT/R.swift/rswift\" generate \"$SRCROOT\"\n";
		};
		D1D5AB836DB763BE500D05E9 /* [CP] Embed Pods Frameworks */ = {
			isa = PBXShellScriptBuildPhase;
			buildActionMask = 2147483647;
			files = (
			);
			inputFileListPaths = (
			);
			inputPaths = (
				"${PODS_ROOT}/Target Support Files/Pods-MemeGeneratorTests/Pods-MemeGeneratorTests-frameworks.sh",
				"${BUILT_PRODUCTS_DIR}/Alamofire/Alamofire.framework",
				"${BUILT_PRODUCTS_DIR}/JGProgressHUD/JGProgressHUD.framework",
				"${BUILT_PRODUCTS_DIR}/Kingfisher/Kingfisher.framework",
				"${BUILT_PRODUCTS_DIR}/R.swift.Library/Rswift.framework",
			);
			name = "[CP] Embed Pods Frameworks";
			outputFileListPaths = (
			);
			outputPaths = (
				"${TARGET_BUILD_DIR}/${FRAMEWORKS_FOLDER_PATH}/Alamofire.framework",
				"${TARGET_BUILD_DIR}/${FRAMEWORKS_FOLDER_PATH}/JGProgressHUD.framework",
				"${TARGET_BUILD_DIR}/${FRAMEWORKS_FOLDER_PATH}/Kingfisher.framework",
				"${TARGET_BUILD_DIR}/${FRAMEWORKS_FOLDER_PATH}/Rswift.framework",
			);
			runOnlyForDeploymentPostprocessing = 0;
			shellPath = /bin/sh;
			shellScript = "\"${PODS_ROOT}/Target Support Files/Pods-MemeGeneratorTests/Pods-MemeGeneratorTests-frameworks.sh\"\n";
			showEnvVarsInLog = 0;
		};
		D850016729C628FBCCF8FA8B /* [CP] Check Pods Manifest.lock */ = {
			isa = PBXShellScriptBuildPhase;
			buildActionMask = 2147483647;
			files = (
			);
			inputFileListPaths = (
			);
			inputPaths = (
				"${PODS_PODFILE_DIR_PATH}/Podfile.lock",
				"${PODS_ROOT}/Manifest.lock",
			);
			name = "[CP] Check Pods Manifest.lock";
			outputFileListPaths = (
			);
			outputPaths = (
				"$(DERIVED_FILE_DIR)/Pods-MemeGenerator-checkManifestLockResult.txt",
			);
			runOnlyForDeploymentPostprocessing = 0;
			shellPath = /bin/sh;
			shellScript = "diff \"${PODS_PODFILE_DIR_PATH}/Podfile.lock\" \"${PODS_ROOT}/Manifest.lock\" > /dev/null\nif [ $? != 0 ] ; then\n    # print error to STDERR\n    echo \"error: The sandbox is not in sync with the Podfile.lock. Run 'pod install' or update your CocoaPods installation.\" >&2\n    exit 1\nfi\n# This output is used by Xcode 'outputs' to avoid re-running this script phase.\necho \"SUCCESS\" > \"${SCRIPT_OUTPUT_FILE_0}\"\n";
			showEnvVarsInLog = 0;
		};
		E20BD8EFC4FCBF08EFD60F78 /* [CP] Embed Pods Frameworks */ = {
			isa = PBXShellScriptBuildPhase;
			buildActionMask = 2147483647;
			files = (
			);
			inputFileListPaths = (
			);
			inputPaths = (
				"${PODS_ROOT}/Target Support Files/Pods-MemeGenerator/Pods-MemeGenerator-frameworks.sh",
				"${BUILT_PRODUCTS_DIR}/Alamofire/Alamofire.framework",
				"${BUILT_PRODUCTS_DIR}/JGProgressHUD/JGProgressHUD.framework",
				"${BUILT_PRODUCTS_DIR}/Kingfisher/Kingfisher.framework",
				"${BUILT_PRODUCTS_DIR}/R.swift.Library/Rswift.framework",
			);
			name = "[CP] Embed Pods Frameworks";
			outputFileListPaths = (
			);
			outputPaths = (
				"${TARGET_BUILD_DIR}/${FRAMEWORKS_FOLDER_PATH}/Alamofire.framework",
				"${TARGET_BUILD_DIR}/${FRAMEWORKS_FOLDER_PATH}/JGProgressHUD.framework",
				"${TARGET_BUILD_DIR}/${FRAMEWORKS_FOLDER_PATH}/Kingfisher.framework",
				"${TARGET_BUILD_DIR}/${FRAMEWORKS_FOLDER_PATH}/Rswift.framework",
			);
			runOnlyForDeploymentPostprocessing = 0;
			shellPath = /bin/sh;
			shellScript = "\"${PODS_ROOT}/Target Support Files/Pods-MemeGenerator/Pods-MemeGenerator-frameworks.sh\"\n";
			showEnvVarsInLog = 0;
		};
		FE1F10F3D282B0DE8074C420 /* [CP] Check Pods Manifest.lock */ = {
			isa = PBXShellScriptBuildPhase;
			buildActionMask = 2147483647;
			files = (
			);
			inputFileListPaths = (
			);
			inputPaths = (
				"${PODS_PODFILE_DIR_PATH}/Podfile.lock",
				"${PODS_ROOT}/Manifest.lock",
			);
			name = "[CP] Check Pods Manifest.lock";
			outputFileListPaths = (
			);
			outputPaths = (
				"$(DERIVED_FILE_DIR)/Pods-MemeGeneratorTests-checkManifestLockResult.txt",
			);
			runOnlyForDeploymentPostprocessing = 0;
			shellPath = /bin/sh;
			shellScript = "diff \"${PODS_PODFILE_DIR_PATH}/Podfile.lock\" \"${PODS_ROOT}/Manifest.lock\" > /dev/null\nif [ $? != 0 ] ; then\n    # print error to STDERR\n    echo \"error: The sandbox is not in sync with the Podfile.lock. Run 'pod install' or update your CocoaPods installation.\" >&2\n    exit 1\nfi\n# This output is used by Xcode 'outputs' to avoid re-running this script phase.\necho \"SUCCESS\" > \"${SCRIPT_OUTPUT_FILE_0}\"\n";
			showEnvVarsInLog = 0;
		};
/* End PBXShellScriptBuildPhase section */

/* Begin PBXSourcesBuildPhase section */
		78E3C2EC21BC76AC003BF713 /* Sources */ = {
			isa = PBXSourcesBuildPhase;
			buildActionMask = 2147483647;
			files = (
				78E3C32221BC78A7003BF713 /* AlamofireHelper.swift in Sources */,
				78E3C34B21BC87FF003BF713 /* ErrorHandleViewController.swift in Sources */,
				78E3C33621BC7FB3003BF713 /* MemeSearchWorker.swift in Sources */,
				78E3C34A21BC87FF003BF713 /* ErrorHandleRouter.swift in Sources */,
				78E3C34821BC87FF003BF713 /* ErrorHandlePresenter.swift in Sources */,
				78E3C2F421BC76AC003BF713 /* AppDelegate.swift in Sources */,
				78E3C32421BC78D6003BF713 /* Endpoints.swift in Sources */,
				78E3C32621BC78FC003BF713 /* ServiceError.swift in Sources */,
				78E3C35721BC8A7B003BF713 /* MemesWorker.swift in Sources */,
				78E3C35A21BC8AB3003BF713 /* MemesAPI.swift in Sources */,
				78E3C33F21BC838D003BF713 /* APIKeys.swift in Sources */,
				78E3C33A21BC7FB3003BF713 /* MemeSearchInteractor.swift in Sources */,
				78E3C33921BC7FB3003BF713 /* MemeSearchViewController.swift in Sources */,
				78E3C36021BC8DAE003BF713 /* MemesMemory.swift in Sources */,
				78E3C34D21BC87FF003BF713 /* ErrorHandleModels.swift in Sources */,
				78E3C34921BC87FF003BF713 /* ErrorHandleInteractor.swift in Sources */,
				78E3C33721BC7FB3003BF713 /* MemeSearchRouter.swift in Sources */,
				78E3C33D21BC8354003BF713 /* Meme.swift in Sources */,
				78E3C32021BC7872003BF713 /* R.generated.swift in Sources */,
				78E3C33521BC7FB3003BF713 /* MemeSearchPresenter.swift in Sources */,
				78E3C32A21BC7B2A003BF713 /* Obfuscator.swift in Sources */,
				78E3C38021BD575A003BF713 /* MemeSearchTableViewCell.swift in Sources */,
				78E3C33821BC7FB3003BF713 /* MemeSearchModels.swift in Sources */,
			);
			runOnlyForDeploymentPostprocessing = 0;
		};
		78E3C30021BC76AD003BF713 /* Sources */ = {
			isa = PBXSourcesBuildPhase;
			buildActionMask = 2147483647;
			files = (
				78E3C36C21BC9317003BF713 /* ServiceError.swift in Sources */,
				78E3C34F21BC8912003BF713 /* MemeSearchInteractorTests.swift in Sources */,
				78E3C35421BC8962003BF713 /* MemeSearchViewController.swift in Sources */,
				78E3C36521BC930E003BF713 /* ErrorHandleRouter.swift in Sources */,
				78E3C36421BC930E003BF713 /* ErrorHandlePresenter.swift in Sources */,
				78E3C38A21BDC509003BF713 /* ErrorHandlePresenterTests.swift in Sources */,
				78E3C35521BC8962003BF713 /* MemeSearchInteractor.swift in Sources */,
				78E3C35221BC8962003BF713 /* MemeSearchRouter.swift in Sources */,
				78E3C37C21BD51BB003BF713 /* MemesWorkerTests.swift in Sources */,
				78E3C36621BC930E003BF713 /* ErrorHandleViewController.swift in Sources */,
				78E3C37821BCB25C003BF713 /* MemeSearchViewControllerTests.swift in Sources */,
				78E3C36221BC930E003BF713 /* ErrorHandleInteractor.swift in Sources */,
				78E3C38221BD5966003BF713 /* MemeSearchTableViewCell.swift in Sources */,
				78E3C36E21BC934B003BF713 /* R.generated.swift in Sources */,
				78E3C36D21BC9317003BF713 /* APIKeys.swift in Sources */,
				78E3C35121BC8962003BF713 /* MemeSearchWorker.swift in Sources */,
				78E3C35321BC8962003BF713 /* MemeSearchModels.swift in Sources */,
				78E3C37121BC9375003BF713 /* AppDelegate.swift in Sources */,
				78E3C37621BCA077003BF713 /* MemeSearchPresenterTests.swift in Sources */,
				78E3C35C21BC8CD4003BF713 /* MemesAPI.swift in Sources */,
				78E3C35D21BC8D31003BF713 /* Meme.swift in Sources */,
				78E3C36F21BC9358003BF713 /* Obfuscator.swift in Sources */,
				78E3C35B21BC8CD1003BF713 /* MemesWorker.swift in Sources */,
				78E3C36B21BC9317003BF713 /* Endpoints.swift in Sources */,
				78E3C36321BC930E003BF713 /* ErrorHandleModels.swift in Sources */,
				78E3C36121BC8DAE003BF713 /* MemesMemory.swift in Sources */,
				78E3C36A21BC9317003BF713 /* AlamofireHelper.swift in Sources */,
				78E3C38821BDC2E5003BF713 /* ErrorHandleInteractorTests.swift in Sources */,
				78E3C35021BC8962003BF713 /* MemeSearchPresenter.swift in Sources */,
			);
			runOnlyForDeploymentPostprocessing = 0;
		};
/* End PBXSourcesBuildPhase section */

/* Begin PBXTargetDependency section */
		78E3C30621BC76AD003BF713 /* PBXTargetDependency */ = {
			isa = PBXTargetDependency;
			target = 78E3C2EF21BC76AC003BF713 /* MemeGenerator */;
			targetProxy = 78E3C30521BC76AD003BF713 /* PBXContainerItemProxy */;
		};
/* End PBXTargetDependency section */

/* Begin PBXVariantGroup section */
		78E3C2FC21BC76AD003BF713 /* LaunchScreen.storyboard */ = {
			isa = PBXVariantGroup;
			children = (
				78E3C2FD21BC76AD003BF713 /* Base */,
			);
			name = LaunchScreen.storyboard;
			sourceTree = "<group>";
		};
		78E3C31D21BC7850003BF713 /* Localizable.strings */ = {
			isa = PBXVariantGroup;
			children = (
				78E3C31C21BC7850003BF713 /* en */,
			);
			name = Localizable.strings;
			sourceTree = "<group>";
		};
/* End PBXVariantGroup section */

/* Begin XCBuildConfiguration section */
		78E3C30B21BC76AD003BF713 /* Debug */ = {
			isa = XCBuildConfiguration;
			buildSettings = {
				ALWAYS_SEARCH_USER_PATHS = NO;
				CLANG_ANALYZER_NONNULL = YES;
				CLANG_ANALYZER_NUMBER_OBJECT_CONVERSION = YES_AGGRESSIVE;
				CLANG_CXX_LANGUAGE_STANDARD = "gnu++14";
				CLANG_CXX_LIBRARY = "libc++";
				CLANG_ENABLE_MODULES = YES;
				CLANG_ENABLE_OBJC_ARC = YES;
				CLANG_ENABLE_OBJC_WEAK = YES;
				CLANG_WARN_BLOCK_CAPTURE_AUTORELEASING = YES;
				CLANG_WARN_BOOL_CONVERSION = YES;
				CLANG_WARN_COMMA = YES;
				CLANG_WARN_CONSTANT_CONVERSION = YES;
				CLANG_WARN_DEPRECATED_OBJC_IMPLEMENTATIONS = YES;
				CLANG_WARN_DIRECT_OBJC_ISA_USAGE = YES_ERROR;
				CLANG_WARN_DOCUMENTATION_COMMENTS = YES;
				CLANG_WARN_EMPTY_BODY = YES;
				CLANG_WARN_ENUM_CONVERSION = YES;
				CLANG_WARN_INFINITE_RECURSION = YES;
				CLANG_WARN_INT_CONVERSION = YES;
				CLANG_WARN_NON_LITERAL_NULL_CONVERSION = YES;
				CLANG_WARN_OBJC_IMPLICIT_RETAIN_SELF = YES;
				CLANG_WARN_OBJC_LITERAL_CONVERSION = YES;
				CLANG_WARN_OBJC_ROOT_CLASS = YES_ERROR;
				CLANG_WARN_RANGE_LOOP_ANALYSIS = YES;
				CLANG_WARN_STRICT_PROTOTYPES = YES;
				CLANG_WARN_SUSPICIOUS_MOVE = YES;
				CLANG_WARN_UNGUARDED_AVAILABILITY = YES_AGGRESSIVE;
				CLANG_WARN_UNREACHABLE_CODE = YES;
				CLANG_WARN__DUPLICATE_METHOD_MATCH = YES;
				CODE_SIGN_IDENTITY = "iPhone Developer";
				COPY_PHASE_STRIP = NO;
				DEBUG_INFORMATION_FORMAT = dwarf;
				ENABLE_STRICT_OBJC_MSGSEND = YES;
				ENABLE_TESTABILITY = YES;
				GCC_C_LANGUAGE_STANDARD = gnu11;
				GCC_DYNAMIC_NO_PIC = NO;
				GCC_NO_COMMON_BLOCKS = YES;
				GCC_OPTIMIZATION_LEVEL = 0;
				GCC_PREPROCESSOR_DEFINITIONS = (
					"DEBUG=1",
					"$(inherited)",
				);
				GCC_WARN_64_TO_32_BIT_CONVERSION = YES;
				GCC_WARN_ABOUT_RETURN_TYPE = YES_ERROR;
				GCC_WARN_UNDECLARED_SELECTOR = YES;
				GCC_WARN_UNINITIALIZED_AUTOS = YES_AGGRESSIVE;
				GCC_WARN_UNUSED_FUNCTION = YES;
				GCC_WARN_UNUSED_VARIABLE = YES;
				IPHONEOS_DEPLOYMENT_TARGET = 12.1;
				MTL_ENABLE_DEBUG_INFO = INCLUDE_SOURCE;
				MTL_FAST_MATH = YES;
				ONLY_ACTIVE_ARCH = YES;
				SDKROOT = iphoneos;
				SWIFT_ACTIVE_COMPILATION_CONDITIONS = DEBUG;
				SWIFT_OPTIMIZATION_LEVEL = "-Onone";
			};
			name = Debug;
		};
		78E3C30C21BC76AD003BF713 /* Release */ = {
			isa = XCBuildConfiguration;
			buildSettings = {
				ALWAYS_SEARCH_USER_PATHS = NO;
				CLANG_ANALYZER_NONNULL = YES;
				CLANG_ANALYZER_NUMBER_OBJECT_CONVERSION = YES_AGGRESSIVE;
				CLANG_CXX_LANGUAGE_STANDARD = "gnu++14";
				CLANG_CXX_LIBRARY = "libc++";
				CLANG_ENABLE_MODULES = YES;
				CLANG_ENABLE_OBJC_ARC = YES;
				CLANG_ENABLE_OBJC_WEAK = YES;
				CLANG_WARN_BLOCK_CAPTURE_AUTORELEASING = YES;
				CLANG_WARN_BOOL_CONVERSION = YES;
				CLANG_WARN_COMMA = YES;
				CLANG_WARN_CONSTANT_CONVERSION = YES;
				CLANG_WARN_DEPRECATED_OBJC_IMPLEMENTATIONS = YES;
				CLANG_WARN_DIRECT_OBJC_ISA_USAGE = YES_ERROR;
				CLANG_WARN_DOCUMENTATION_COMMENTS = YES;
				CLANG_WARN_EMPTY_BODY = YES;
				CLANG_WARN_ENUM_CONVERSION = YES;
				CLANG_WARN_INFINITE_RECURSION = YES;
				CLANG_WARN_INT_CONVERSION = YES;
				CLANG_WARN_NON_LITERAL_NULL_CONVERSION = YES;
				CLANG_WARN_OBJC_IMPLICIT_RETAIN_SELF = YES;
				CLANG_WARN_OBJC_LITERAL_CONVERSION = YES;
				CLANG_WARN_OBJC_ROOT_CLASS = YES_ERROR;
				CLANG_WARN_RANGE_LOOP_ANALYSIS = YES;
				CLANG_WARN_STRICT_PROTOTYPES = YES;
				CLANG_WARN_SUSPICIOUS_MOVE = YES;
				CLANG_WARN_UNGUARDED_AVAILABILITY = YES_AGGRESSIVE;
				CLANG_WARN_UNREACHABLE_CODE = YES;
				CLANG_WARN__DUPLICATE_METHOD_MATCH = YES;
				CODE_SIGN_IDENTITY = "iPhone Developer";
				COPY_PHASE_STRIP = NO;
				DEBUG_INFORMATION_FORMAT = "dwarf-with-dsym";
				ENABLE_NS_ASSERTIONS = NO;
				ENABLE_STRICT_OBJC_MSGSEND = YES;
				GCC_C_LANGUAGE_STANDARD = gnu11;
				GCC_NO_COMMON_BLOCKS = YES;
				GCC_WARN_64_TO_32_BIT_CONVERSION = YES;
				GCC_WARN_ABOUT_RETURN_TYPE = YES_ERROR;
				GCC_WARN_UNDECLARED_SELECTOR = YES;
				GCC_WARN_UNINITIALIZED_AUTOS = YES_AGGRESSIVE;
				GCC_WARN_UNUSED_FUNCTION = YES;
				GCC_WARN_UNUSED_VARIABLE = YES;
				IPHONEOS_DEPLOYMENT_TARGET = 12.1;
				MTL_ENABLE_DEBUG_INFO = NO;
				MTL_FAST_MATH = YES;
				SDKROOT = iphoneos;
				SWIFT_COMPILATION_MODE = wholemodule;
				SWIFT_OPTIMIZATION_LEVEL = "-O";
				VALIDATE_PRODUCT = YES;
			};
			name = Release;
		};
		78E3C30E21BC76AD003BF713 /* Debug */ = {
			isa = XCBuildConfiguration;
			baseConfigurationReference = 46283CA6971EC39CB96B3EAA /* Pods-MemeGenerator.debug.xcconfig */;
			buildSettings = {
				ASSETCATALOG_COMPILER_APPICON_NAME = AppIcon;
				CODE_SIGN_STYLE = Automatic;
				DEVELOPMENT_TEAM = YKQ4M6Z3KJ;
				INFOPLIST_FILE = "$(SRCROOT)/MemeGenerator/Info.plist";
				LD_RUNPATH_SEARCH_PATHS = (
					"$(inherited)",
					"@executable_path/Frameworks",
				);
				PRODUCT_BUNDLE_IDENTIFIER = com.cesarbresola.memeGenerator;
				PRODUCT_NAME = "$(TARGET_NAME)";
				SWIFT_VERSION = 4.2;
				TARGETED_DEVICE_FAMILY = 1;
			};
			name = Debug;
		};
		78E3C30F21BC76AD003BF713 /* Release */ = {
			isa = XCBuildConfiguration;
			baseConfigurationReference = 0ADAC9AB92459F84C55597F9 /* Pods-MemeGenerator.release.xcconfig */;
			buildSettings = {
				ASSETCATALOG_COMPILER_APPICON_NAME = AppIcon;
				CODE_SIGN_STYLE = Automatic;
				DEVELOPMENT_TEAM = YKQ4M6Z3KJ;
				INFOPLIST_FILE = "$(SRCROOT)/MemeGenerator/Info.plist";
				LD_RUNPATH_SEARCH_PATHS = (
					"$(inherited)",
					"@executable_path/Frameworks",
				);
				PRODUCT_BUNDLE_IDENTIFIER = com.cesarbresola.memeGenerator;
				PRODUCT_NAME = "$(TARGET_NAME)";
				SWIFT_VERSION = 4.2;
				TARGETED_DEVICE_FAMILY = 1;
			};
			name = Release;
		};
		78E3C31121BC76AD003BF713 /* Debug */ = {
			isa = XCBuildConfiguration;
			baseConfigurationReference = 951D50B81CA4CA4FCB23A716 /* Pods-MemeGeneratorTests.debug.xcconfig */;
			buildSettings = {
				ALWAYS_EMBED_SWIFT_STANDARD_LIBRARIES = YES;
				BUNDLE_LOADER = "$(TEST_HOST)";
				CODE_SIGN_STYLE = Automatic;
				DEVELOPMENT_TEAM = YKQ4M6Z3KJ;
				INFOPLIST_FILE = MemeGeneratorTests/Info.plist;
				LD_RUNPATH_SEARCH_PATHS = (
					"$(inherited)",
					"@executable_path/Frameworks",
					"@loader_path/Frameworks",
				);
				PRODUCT_BUNDLE_IDENTIFIER = com.cesarbresola.memeGenerator;
				PRODUCT_NAME = "$(TARGET_NAME)";
				SWIFT_VERSION = 4.2;
				TARGETED_DEVICE_FAMILY = "1,2";
				TEST_HOST = "$(BUILT_PRODUCTS_DIR)/MemeGenerator.app/MemeGenerator";
			};
			name = Debug;
		};
		78E3C31221BC76AD003BF713 /* Release */ = {
			isa = XCBuildConfiguration;
			baseConfigurationReference = C1F59CAF29D2AA96DBC3593E /* Pods-MemeGeneratorTests.release.xcconfig */;
			buildSettings = {
				ALWAYS_EMBED_SWIFT_STANDARD_LIBRARIES = YES;
				BUNDLE_LOADER = "$(TEST_HOST)";
				CODE_SIGN_STYLE = Automatic;
				DEVELOPMENT_TEAM = YKQ4M6Z3KJ;
				INFOPLIST_FILE = MemeGeneratorTests/Info.plist;
				LD_RUNPATH_SEARCH_PATHS = (
					"$(inherited)",
					"@executable_path/Frameworks",
					"@loader_path/Frameworks",
				);
				PRODUCT_BUNDLE_IDENTIFIER = com.cesarbresola.memeGenerator;
				PRODUCT_NAME = "$(TARGET_NAME)";
				SWIFT_VERSION = 4.2;
				TARGETED_DEVICE_FAMILY = "1,2";
				TEST_HOST = "$(BUILT_PRODUCTS_DIR)/MemeGenerator.app/MemeGenerator";
			};
			name = Release;
		};
/* End XCBuildConfiguration section */

/* Begin XCConfigurationList section */
		78E3C2EB21BC76AC003BF713 /* Build configuration list for PBXProject "MemeGenerator" */ = {
			isa = XCConfigurationList;
			buildConfigurations = (
				78E3C30B21BC76AD003BF713 /* Debug */,
				78E3C30C21BC76AD003BF713 /* Release */,
			);
			defaultConfigurationIsVisible = 0;
			defaultConfigurationName = Release;
		};
		78E3C30D21BC76AD003BF713 /* Build configuration list for PBXNativeTarget "MemeGenerator" */ = {
			isa = XCConfigurationList;
			buildConfigurations = (
				78E3C30E21BC76AD003BF713 /* Debug */,
				78E3C30F21BC76AD003BF713 /* Release */,
			);
			defaultConfigurationIsVisible = 0;
			defaultConfigurationName = Release;
		};
		78E3C31021BC76AD003BF713 /* Build configuration list for PBXNativeTarget "MemeGeneratorTests" */ = {
			isa = XCConfigurationList;
			buildConfigurations = (
				78E3C31121BC76AD003BF713 /* Debug */,
				78E3C31221BC76AD003BF713 /* Release */,
			);
			defaultConfigurationIsVisible = 0;
			defaultConfigurationName = Release;
		};
/* End XCConfigurationList section */
	};
	rootObject = 78E3C2E821BC76AC003BF713 /* Project object */;
}
